// !$*UTF8*$!
{
	archiveVersion = 1;
	classes = {
	};
	objectVersion = 56;
	objects = {

/* Begin PBXBuildFile section */
		D250A77D298DAAF000494907 /* wavEdit.cpp in Sources */ = {isa = PBXBuildFile; fileRef = D250A77B298DAAF000494907 /* wavEdit.cpp */; };
		D250A780298DAB1F00494907 /* commandLib.cpp in Sources */ = {isa = PBXBuildFile; fileRef = D250A77E298DAB1F00494907 /* commandLib.cpp */; };
		D2A61056296438AD00460CBD /* main.cpp in Sources */ = {isa = PBXBuildFile; fileRef = D2A61055296438AD00460CBD /* main.cpp */; };
/* End PBXBuildFile section */

/* Begin PBXCopyFilesBuildPhase section */
		D2A61050296438AD00460CBD /* CopyFiles */ = {
			isa = PBXCopyFilesBuildPhase;
			buildActionMask = 2147483647;
			dstPath = /usr/share/man/man1/;
			dstSubfolderSpec = 0;
			files = (
			);
			runOnlyForDeploymentPostprocessing = 1;
		};
/* End PBXCopyFilesBuildPhase section */

/* Begin PBXFileReference section */
		D250A77B298DAAF000494907 /* wavEdit.cpp */ = {isa = PBXFileReference; lastKnownFileType = sourcecode.cpp.cpp; path = wavEdit.cpp; sourceTree = "<group>"; };
		D250A77C298DAAF000494907 /* wavEdit.hpp */ = {isa = PBXFileReference; lastKnownFileType = sourcecode.cpp.h; path = wavEdit.hpp; sourceTree = "<group>"; };
		D250A77E298DAB1F00494907 /* commandLib.cpp */ = {isa = PBXFileReference; lastKnownFileType = sourcecode.cpp.cpp; path = commandLib.cpp; sourceTree = "<group>"; };
		D250A77F298DAB1F00494907 /* commandLib.hpp */ = {isa = PBXFileReference; lastKnownFileType = sourcecode.cpp.h; path = commandLib.hpp; sourceTree = "<group>"; };
		D2A61052296438AD00460CBD /* CPP-CW2 */ = {isa = PBXFileReference; explicitFileType = "compiled.mach-o.executable"; includeInIndex = 0; path = "CPP-CW2"; sourceTree = BUILT_PRODUCTS_DIR; };
		D2A61055296438AD00460CBD /* main.cpp */ = {isa = PBXFileReference; lastKnownFileType = sourcecode.cpp.cpp; name = main.cpp; path = "/Users/alexsedman/Documents/Xcode Projects/CPP-CW2/main.cpp"; sourceTree = "<absolute>"; };
/* End PBXFileReference section */

/* Begin PBXFrameworksBuildPhase section */
		D2A6104F296438AD00460CBD /* Frameworks */ = {
			isa = PBXFrameworksBuildPhase;
			buildActionMask = 2147483647;
			files = (
			);
			runOnlyForDeploymentPostprocessing = 0;
		};
/* End PBXFrameworksBuildPhase section */

/* Begin PBXGroup section */
		D250A77A298DAADC00494907 /* functionLib */ = {
			isa = PBXGroup;
			children = (
				D250A77B298DAAF000494907 /* wavEdit.cpp */,
				D250A77E298DAB1F00494907 /* commandLib.cpp */,
				D250A77F298DAB1F00494907 /* commandLib.hpp */,
				D250A77C298DAAF000494907 /* wavEdit.hpp */,
			);
			path = functionLib;
			sourceTree = "<group>";
		};
		D2A61049296438AD00460CBD = {
			isa = PBXGroup;
			children = (
				D2A61055296438AD00460CBD /* main.cpp */,
				D250A77A298DAADC00494907 /* functionLib */,
				D2A61053296438AD00460CBD /* Products */,
			);
			sourceTree = "<group>";
		};
		D2A61053296438AD00460CBD /* Products */ = {
			isa = PBXGroup;
			children = (
				D2A61052296438AD00460CBD /* CPP-CW2 */,
			);
			name = Products;
			sourceTree = "<group>";
		};
/* End PBXGroup section */

/* Begin PBXNativeTarget section */
		D2A61051296438AD00460CBD /* CPP-CW2 */ = {
			isa = PBXNativeTarget;
			buildConfigurationList = D2A61059296438AD00460CBD /* Build configuration list for PBXNativeTarget "CPP-CW2" */;
			buildPhases = (
				D2A6104E296438AD00460CBD /* Sources */,
				D2A6104F296438AD00460CBD /* Frameworks */,
				D2A61050296438AD00460CBD /* CopyFiles */,
			);
			buildRules = (
			);
			dependencies = (
			);
			name = "CPP-CW2";
			productName = "cpp-cw-ajs_v5";
			productReference = D2A61052296438AD00460CBD /* CPP-CW2 */;
			productType = "com.apple.product-type.tool";
		};
/* End PBXNativeTarget section */

/* Begin PBXProject section */
		D2A6104A296438AD00460CBD /* Project object */ = {
			isa = PBXProject;
			attributes = {
				BuildIndependentTargetsInParallel = 1;
				LastUpgradeCheck = 1410;
				TargetAttributes = {
					D2A61051296438AD00460CBD = {
						CreatedOnToolsVersion = 14.1;
					};
				};
			};
			buildConfigurationList = D2A6104D296438AD00460CBD /* Build configuration list for PBXProject "CPP-CW2" */;
			compatibilityVersion = "Xcode 14.0";
			developmentRegion = en;
			hasScannedForEncodings = 0;
			knownRegions = (
				en,
				Base,
			);
			mainGroup = D2A61049296438AD00460CBD;
			productRefGroup = D2A61053296438AD00460CBD /* Products */;
			projectDirPath = "";
			projectRoot = "";
			targets = (
				D2A61051296438AD00460CBD /* CPP-CW2 */,
			);
		};
/* End PBXProject section */

/* Begin PBXSourcesBuildPhase section */
		D2A6104E296438AD00460CBD /* Sources */ = {
			isa = PBXSourcesBuildPhase;
			buildActionMask = 2147483647;
			files = (
				D250A77D298DAAF000494907 /* wavEdit.cpp in Sources */,
				D250A780298DAB1F00494907 /* commandLib.cpp in Sources */,
				D2A61056296438AD00460CBD /* main.cpp in Sources */,
			);
			runOnlyForDeploymentPostprocessing = 0;
		};
/* End PBXSourcesBuildPhase section */

/* Begin XCBuildConfiguration section */
		D2A61057296438AD00460CBD /* Debug */ = {
			isa = XCBuildConfiguration;
			buildSettings = {
				LINK_WITH_STANDARD_LIBRARIES = YES;
				MACOSX_DEPLOYMENT_TARGET = "$(RECOMMENDED_MACOSX_DEPLOYMENT_TARGET)";
			};
			name = Debug;
		};
		D2A61058296438AD00460CBD /* Release */ = {
			isa = XCBuildConfiguration;
			buildSettings = {
				LINK_WITH_STANDARD_LIBRARIES = YES;
				MACOSX_DEPLOYMENT_TARGET = "$(RECOMMENDED_MACOSX_DEPLOYMENT_TARGET)";
			};
			name = Release;
		};
		D2A6105A296438AD00460CBD /* Debug */ = {
			isa = XCBuildConfiguration;
			buildSettings = {
				CODE_SIGN_STYLE = Automatic;
				PRODUCT_NAME = "$(TARGET_NAME)";
			};
			name = Debug;
		};
		D2A6105B296438AD00460CBD /* Release */ = {
			isa = XCBuildConfiguration;
			buildSettings = {
				CODE_SIGN_STYLE = Automatic;
				PRODUCT_NAME = "$(TARGET_NAME)";
			};
			name = Release;
		};
/* End XCBuildConfiguration section */

/* Begin XCConfigurationList section */
		D2A6104D296438AD00460CBD /* Build configuration list for PBXProject "CPP-CW2" */ = {
			isa = XCConfigurationList;
			buildConfigurations = (
				D2A61057296438AD00460CBD /* Debug */,
				D2A61058296438AD00460CBD /* Release */,
			);
			defaultConfigurationIsVisible = 0;
			defaultConfigurationName = Release;
		};
		D2A61059296438AD00460CBD /* Build configuration list for PBXNativeTarget "CPP-CW2" */ = {
			isa = XCConfigurationList;
			buildConfigurations = (
				D2A6105A296438AD00460CBD /* Debug */,
				D2A6105B296438AD00460CBD /* Release */,
			);
			defaultConfigurationIsVisible = 0;
			defaultConfigurationName = Release;
		};
/* End XCConfigurationList section */
	};
	rootObject = D2A6104A296438AD00460CBD /* Project object */;
}
